{
  "name": "backend",
  "lockfileVersion": 3,
  "requires": true,
  "packages": {
    "": {
      "dependencies": {
        "@mohantn/scaffold-core": "file:../../scaffold-toolkit/packages/core"
      }
    },
    "../../scaffold-toolkit/packages/core": {
      "name": "@mohantn/scaffold-core",
      "version": "0.2.0",
      "license": "MIT",
      "dependencies": {
        "@toon-format/toon": "^2.3.0",
        "ajv": "^8.17.0",
        "commander": "^12.0.0",
        "handlebars": "^4.7.8",
        "semver": "^7.6.0"
      },
      "bin": {
        "scaffold": "dist/cli.js"
      },
      "devDependencies": {
        "@eslint/js": "^9.0.0",
        "@types/node": "^22.0.0",
        "@types/semver": "^7.5.0",
        "tsx": "^4.0.0",
        "typescript": "^5.5.0",
        "typescript-eslint": "^8.0.0"
      },
      "engines": {
        "node": ">=20.12"
      }
    },
    "node_modules/@mohantn/scaffold-core": {
      "resolved": "../../scaffold-toolkit/packages/core",
      "link": true
    }
  }
}
